{
  "name": "proofofconcept",
  "version": "1.0.0",
  "lockfileVersion": 1,
  "requires": true,
  "dependencies": {
    "bcfg": {
      "version": "0.1.7",
      "resolved": "https://registry.npmjs.org/bcfg/-/bcfg-0.1.7.tgz",
      "integrity": "sha512-+4beq5bXwfmxdcEoHYQsaXawh1qFzjLcRvPe5k5ww/NEWzZTm56Jk8LuPmfeGB7X584jZ8xGq6UgMaZnNDa5Ww==",
      "requires": {
        "bsert": "~0.0.10"
      }
    },
    "bcrypto": {
      "version": "5.4.0",
      "resolved": "https://registry.npmjs.org/bcrypto/-/bcrypto-5.4.0.tgz",
      "integrity": "sha512-KDX2CR29o6ZoqpQndcCxFZAtYA1jDMnXU3jmCfzP44g++Cu7AHHtZN/JbrN/MXAg9SLvtQ8XISG+eVD9zH1+Jg==",
      "requires": {
        "bufio": "~1.0.7",
        "loady": "~0.0.5"
      }
    },
    "bdb": {
      "version": "1.3.0",
      "resolved": "https://registry.npmjs.org/bdb/-/bdb-1.3.0.tgz",
      "integrity": "sha512-oJnWnHOTcnJhazwpEzQvPFtSR1IdHtS3PczuLY3klgZTTtRUbARX7tdphQS8iNUUwEVMfuO93eHDWwTICoeJlg==",
      "requires": {
        "bsert": "~0.0.10",
        "loady": "~0.0.5"
      }
    },
    "bfile": {
      "version": "0.2.2",
      "resolved": "https://registry.npmjs.org/bfile/-/bfile-0.2.2.tgz",
      "integrity": "sha512-X205SsJ7zFAnjeJ/pBLqDqF10x/4Su3pBy8UdVKw4hdGJk7t5pLoRi+uG4rPaDAClGbrEfT/06PGUbYiMYKzTg=="
    },
    "blgr": {
      "version": "0.2.0",
      "resolved": "https://registry.npmjs.org/blgr/-/blgr-0.2.0.tgz",
      "integrity": "sha512-2jZdqajYCGD5rwGdOooQpxgjKsiAAV2g8LapwSnbTjAYTZAqmqBAS+GsVGFi+/y7t1Pspidv/5HsWBbJrsEuFw==",
      "requires": {
        "bsert": "~0.0.10"
      }
    },
    "bsert": {
      "version": "0.0.10",
      "resolved": "https://registry.npmjs.org/bsert/-/bsert-0.0.10.tgz",
      "integrity": "sha512-NHNwlac+WPy4t2LoNh8pXk8uaIGH3NSaIUbTTRXGpE2WEbq0te/tDykYHkFK57YKLPjv/aGHmbqvnGeVWDz57Q=="
    },
    "bsock": {
      "version": "0.1.9",
      "resolved": "https://registry.npmjs.org/bsock/-/bsock-0.1.9.tgz",
      "integrity": "sha512-/l9Kg/c5o+n/0AqreMxh2jpzDMl1ikl4gUxT7RFNe3A3YRIyZkiREhwcjmqxiymJSRI/Qhew357xGn1SLw/xEw==",
      "requires": {
        "bsert": "~0.0.10"
      }
    },
    "bufio": {
      "version": "1.0.7",
      "resolved": "https://registry.npmjs.org/bufio/-/bufio-1.0.7.tgz",
      "integrity": "sha512-bd1dDQhiC+bEbEfg56IdBv7faWa6OipMs/AFFFvtFnB3wAYjlwQpQRZ0pm6ZkgtfL0pILRXhKxOiQj6UzoMR7A=="
    },
    "bweb": {
      "version": "0.1.10",
      "resolved": "https://registry.npmjs.org/bweb/-/bweb-0.1.10.tgz",
      "integrity": "sha512-3Kkz/rfsyAWUS+8DV5XYhwcgVN4DfDewrP+iFTcpQfdZzcF6+OypAq7dHOtXV0sW7U/3msA/sEEqz0MHZ9ERWg==",
      "requires": {
        "bsert": "~0.0.10",
        "bsock": "~0.1.8"
      }
    },
    "loady": {
      "version": "0.0.5",
      "resolved": "https://registry.npmjs.org/loady/-/loady-0.0.5.tgz",
      "integrity": "sha512-uxKD2HIj042/HBx77NBcmEPsD+hxCgAtjEWlYNScuUjIsh/62Uyu39GOR68TBR68v+jqDL9zfftCWoUo4y03sQ=="
    }
  }
}
